// !$*UTF8*$!
{
	archiveVersion = 1;
	classes = {
	};
	objectVersion = 56;
	objects = {

/* Begin PBXBuildFile section */
		132B370B29D74662006997E2 /* WeatherAppApp.swift in Sources */ = {isa = PBXBuildFile; fileRef = 132B370A29D74662006997E2 /* WeatherAppApp.swift */; };
		132B370D29D74662006997E2 /* ContentView.swift in Sources */ = {isa = PBXBuildFile; fileRef = 132B370C29D74662006997E2 /* ContentView.swift */; };
		132B370F29D74667006997E2 /* Assets.xcassets in Resources */ = {isa = PBXBuildFile; fileRef = 132B370E29D74667006997E2 /* Assets.xcassets */; };
		132B371229D74667006997E2 /* Preview Assets.xcassets in Resources */ = {isa = PBXBuildFile; fileRef = 132B371129D74667006997E2 /* Preview Assets.xcassets */; };
		132B371E29D74A90006997E2 /* WelcomeView.swift in Sources */ = {isa = PBXBuildFile; fileRef = 132B371D29D74A90006997E2 /* WelcomeView.swift */; };
		132B372029D74AA1006997E2 /* LoadingView.swift in Sources */ = {isa = PBXBuildFile; fileRef = 132B371F29D74AA1006997E2 /* LoadingView.swift */; };
		132B372229D74AAD006997E2 /* WeatherView.swift in Sources */ = {isa = PBXBuildFile; fileRef = 132B372129D74AAD006997E2 /* WeatherView.swift */; };
		132B372429D74B03006997E2 /* LocationManager.swift in Sources */ = {isa = PBXBuildFile; fileRef = 132B372329D74B02006997E2 /* LocationManager.swift */; };
		132B372629D74B0F006997E2 /* WeatherManager.swift in Sources */ = {isa = PBXBuildFile; fileRef = 132B372529D74B0F006997E2 /* WeatherManager.swift */; };
		132B372829D74B39006997E2 /* Extensions.swift in Sources */ = {isa = PBXBuildFile; fileRef = 132B372729D74B39006997E2 /* Extensions.swift */; };
		132B372A29D74B59006997E2 /* WeatherRow.swift in Sources */ = {isa = PBXBuildFile; fileRef = 132B372929D74B59006997E2 /* WeatherRow.swift */; };
		132B372C29D74B93006997E2 /* ModelData.swift in Sources */ = {isa = PBXBuildFile; fileRef = 132B372B29D74B93006997E2 /* ModelData.swift */; };
		132B372E29D74BBF006997E2 /* weatherData.json in Resources */ = {isa = PBXBuildFile; fileRef = 132B372D29D74BBF006997E2 /* weatherData.json */; };
/* End PBXBuildFile section */

/* Begin PBXFileReference section */
		132B370729D74662006997E2 /* WeatherApp.app */ = {isa = PBXFileReference; explicitFileType = wrapper.application; includeInIndex = 0; path = WeatherApp.app; sourceTree = BUILT_PRODUCTS_DIR; };
		132B370A29D74662006997E2 /* WeatherAppApp.swift */ = {isa = PBXFileReference; lastKnownFileType = sourcecode.swift; path = WeatherAppApp.swift; sourceTree = "<group>"; };
		132B370C29D74662006997E2 /* ContentView.swift */ = {isa = PBXFileReference; lastKnownFileType = sourcecode.swift; path = ContentView.swift; sourceTree = "<group>"; };
		132B370E29D74667006997E2 /* Assets.xcassets */ = {isa = PBXFileReference; lastKnownFileType = folder.assetcatalog; path = Assets.xcassets; sourceTree = "<group>"; };
		132B371129D74667006997E2 /* Preview Assets.xcassets */ = {isa = PBXFileReference; lastKnownFileType = folder.assetcatalog; path = "Preview Assets.xcassets"; sourceTree = "<group>"; };
		132B371D29D74A90006997E2 /* WelcomeView.swift */ = {isa = PBXFileReference; lastKnownFileType = sourcecode.swift; path = WelcomeView.swift; sourceTree = "<group>"; };
		132B371F29D74AA1006997E2 /* LoadingView.swift */ = {isa = PBXFileReference; lastKnownFileType = sourcecode.swift; path = LoadingView.swift; sourceTree = "<group>"; };
		132B372129D74AAD006997E2 /* WeatherView.swift */ = {isa = PBXFileReference; lastKnownFileType = sourcecode.swift; path = WeatherView.swift; sourceTree = "<group>"; };
		132B372329D74B02006997E2 /* LocationManager.swift */ = {isa = PBXFileReference; lastKnownFileType = sourcecode.swift; path = LocationManager.swift; sourceTree = "<group>"; };
		132B372529D74B0F006997E2 /* WeatherManager.swift */ = {isa = PBXFileReference; lastKnownFileType = sourcecode.swift; path = WeatherManager.swift; sourceTree = "<group>"; };
		132B372729D74B39006997E2 /* Extensions.swift */ = {isa = PBXFileReference; lastKnownFileType = sourcecode.swift; path = Extensions.swift; sourceTree = "<group>"; };
		132B372929D74B59006997E2 /* WeatherRow.swift */ = {isa = PBXFileReference; lastKnownFileType = sourcecode.swift; path = WeatherRow.swift; sourceTree = "<group>"; };
		132B372B29D74B93006997E2 /* ModelData.swift */ = {isa = PBXFileReference; lastKnownFileType = sourcecode.swift; path = ModelData.swift; sourceTree = "<group>"; };
		132B372D29D74BBF006997E2 /* weatherData.json */ = {isa = PBXFileReference; fileEncoding = 4; lastKnownFileType = text.json; path = weatherData.json; sourceTree = "<group>"; };
/* End PBXFileReference section */

/* Begin PBXFrameworksBuildPhase section */
		132B370429D74662006997E2 /* Frameworks */ = {
			isa = PBXFrameworksBuildPhase;
			buildActionMask = 2147483647;
			files = (
			);
			runOnlyForDeploymentPostprocessing = 0;
		};
/* End PBXFrameworksBuildPhase section */

/* Begin PBXGroup section */
		132B36FE29D74662006997E2 = {
			isa = PBXGroup;
			children = (
				132B370929D74662006997E2 /* WeatherApp */,
				132B370829D74662006997E2 /* Products */,
			);
			sourceTree = "<group>";
		};
		132B370829D74662006997E2 /* Products */ = {
			isa = PBXGroup;
			children = (
				132B370729D74662006997E2 /* WeatherApp.app */,
			);
			name = Products;
			sourceTree = "<group>";
		};
		132B370929D74662006997E2 /* WeatherApp */ = {
			isa = PBXGroup;
			children = (
				132B370A29D74662006997E2 /* WeatherAppApp.swift */,
				132B371B29D746C8006997E2 /* Views */,
				132B371A29D746C1006997E2 /* Managers */,
				132B371929D746B6006997E2 /* Extensions */,
				132B371829D746AB006997E2 /* Components */,
				132B370E29D74667006997E2 /* Assets.xcassets */,
				132B371029D74667006997E2 /* Preview Content */,
			);
			path = WeatherApp;
			sourceTree = "<group>";
		};
		132B371029D74667006997E2 /* Preview Content */ = {
			isa = PBXGroup;
			children = (
				132B372D29D74BBF006997E2 /* weatherData.json */,
				132B371129D74667006997E2 /* Preview Assets.xcassets */,
				132B372B29D74B93006997E2 /* ModelData.swift */,
			);
			path = "Preview Content";
			sourceTree = "<group>";
		};
		132B371829D746AB006997E2 /* Components */ = {
			isa = PBXGroup;
			children = (
				132B372929D74B59006997E2 /* WeatherRow.swift */,
			);
			path = Components;
			sourceTree = "<group>";
		};
		132B371929D746B6006997E2 /* Extensions */ = {
			isa = PBXGroup;
			children = (
				132B372729D74B39006997E2 /* Extensions.swift */,
			);
			path = Extensions;
			sourceTree = "<group>";
		};
		132B371A29D746C1006997E2 /* Managers */ = {
			isa = PBXGroup;
			children = (
				132B372329D74B02006997E2 /* LocationManager.swift */,
				132B372529D74B0F006997E2 /* WeatherManager.swift */,
			);
			path = Managers;
			sourceTree = "<group>";
		};
		132B371B29D746C8006997E2 /* Views */ = {
			isa = PBXGroup;
			children = (
				132B370C29D74662006997E2 /* ContentView.swift */,
				132B371D29D74A90006997E2 /* WelcomeView.swift */,
				132B371F29D74AA1006997E2 /* LoadingView.swift */,
				132B372129D74AAD006997E2 /* WeatherView.swift */,
			);
			path = Views;
			sourceTree = "<group>";
		};
/* End PBXGroup section */

/* Begin PBXNativeTarget section */
		132B370629D74662006997E2 /* WeatherApp */ = {
			isa = PBXNativeTarget;
			buildConfigurationList = 132B371529D74667006997E2 /* Build configuration list for PBXNativeTarget "WeatherApp" */;
			buildPhases = (
				132B370329D74662006997E2 /* Sources */,
				132B370429D74662006997E2 /* Frameworks */,
				132B370529D74662006997E2 /* Resources */,
			);
			buildRules = (
			);
			dependencies = (
			);
			name = WeatherApp;
			productName = WeatherApp;
			productReference = 132B370729D74662006997E2 /* WeatherApp.app */;
			productType = "com.apple.product-type.application";
		};
/* End PBXNativeTarget section */

/* Begin PBXProject section */
		132B36FF29D74662006997E2 /* Project object */ = {
			isa = PBXProject;
			attributes = {
				BuildIndependentTargetsInParallel = 1;
				LastSwiftUpdateCheck = 1420;
				LastUpgradeCheck = 1420;
				TargetAttributes = {
					132B370629D74662006997E2 = {
						CreatedOnToolsVersion = 14.2;
					};
				};
			};
			buildConfigurationList = 132B370229D74662006997E2 /* Build configuration list for PBXProject "WeatherApp" */;
			compatibilityVersion = "Xcode 14.0";
			developmentRegion = en;
			hasScannedForEncodings = 0;
			knownRegions = (
				en,
				Base,
			);
			mainGroup = 132B36FE29D74662006997E2;
			productRefGroup = 132B370829D74662006997E2 /* Products */;
			projectDirPath = "";
			projectRoot = "";
			targets = (
				132B370629D74662006997E2 /* WeatherApp */,
			);
		};
/* End PBXProject section */

/* Begin PBXResourcesBuildPhase section */
		132B370529D74662006997E2 /* Resources */ = {
			isa = PBXResourcesBuildPhase;
			buildActionMask = 2147483647;
			files = (
				132B371229D74667006997E2 /* Preview Assets.xcassets in Resources */,
				132B372E29D74BBF006997E2 /* weatherData.json in Resources */,
				132B370F29D74667006997E2 /* Assets.xcassets in Resources */,
			);
			runOnlyForDeploymentPostprocessing = 0;
		};
/* End PBXResourcesBuildPhase section */

/* Begin PBXSourcesBuildPhase section */
		132B370329D74662006997E2 /* Sources */ = {
			isa = PBXSourcesBuildPhase;
			buildActionMask = 2147483647;
			files = (
				132B372229D74AAD006997E2 /* WeatherView.swift in Sources */,
				132B370D29D74662006997E2 /* ContentView.swift in Sources */,
				132B372429D74B03006997E2 /* LocationManager.swift in Sources */,
				132B372A29D74B59006997E2 /* WeatherRow.swift in Sources */,
				132B372829D74B39006997E2 /* Extensions.swift in Sources */,
				132B372629D74B0F006997E2 /* WeatherManager.swift in Sources */,
				132B372029D74AA1006997E2 /* LoadingView.swift in Sources */,
				132B372C29D74B93006997E2 /* ModelData.swift in Sources */,
				132B371E29D74A90006997E2 /* WelcomeView.swift in Sources */,
				132B370B29D74662006997E2 /* WeatherAppApp.swift in Sources */,
			);
			runOnlyForDeploymentPostprocessing = 0;
		};
/* End PBXSourcesBuildPhase section */

/* Begin XCBuildConfiguration section */
		132B371329D74667006997E2 /* Debug */ = {
			isa = XCBuildConfiguration;
			buildSettings = {
				ALWAYS_SEARCH_USER_PATHS = NO;
				CLANG_ANALYZER_NONNULL = YES;
				CLANG_ANALYZER_NUMBER_OBJECT_CONVERSION = YES_AGGRESSIVE;
				CLANG_CXX_LANGUAGE_STANDARD = "gnu++20";
				CLANG_ENABLE_MODULES = YES;
				CLANG_ENABLE_OBJC_ARC = YES;
				CLANG_ENABLE_OBJC_WEAK = YES;
				CLANG_WARN_BLOCK_CAPTURE_AUTORELEASING = YES;
				CLANG_WARN_BOOL_CONVERSION = YES;
				CLANG_WARN_COMMA = YES;
				CLANG_WARN_CONSTANT_CONVERSION = YES;
				CLANG_WARN_DEPRECATED_OBJC_IMPLEMENTATIONS = YES;
				CLANG_WARN_DIRECT_OBJC_ISA_USAGE = YES_ERROR;
				CLANG_WARN_DOCUMENTATION_COMMENTS = YES;
				CLANG_WARN_EMPTY_BODY = YES;
				CLANG_WARN_ENUM_CONVERSION = YES;
				CLANG_WARN_INFINITE_RECURSION = YES;
				CLANG_WARN_INT_CONVERSION = YES;
				CLANG_WARN_NON_LITERAL_NULL_CONVERSION = YES;
				CLANG_WARN_OBJC_IMPLICIT_RETAIN_SELF = YES;
				CLANG_WARN_OBJC_LITERAL_CONVERSION = YES;
				CLANG_WARN_OBJC_ROOT_CLASS = YES_ERROR;
				CLANG_WARN_QUOTED_INCLUDE_IN_FRAMEWORK_HEADER = YES;
				CLANG_WARN_RANGE_LOOP_ANALYSIS = YES;
				CLANG_WARN_STRICT_PROTOTYPES = YES;
				CLANG_WARN_SUSPICIOUS_MOVE = YES;
				CLANG_WARN_UNGUARDED_AVAILABILITY = YES_AGGRESSIVE;
				CLANG_WARN_UNREACHABLE_CODE = YES;
				CLANG_WARN__DUPLICATE_METHOD_MATCH = YES;
				COPY_PHASE_STRIP = NO;
				DEBUG_INFORMATION_FORMAT = dwarf;
				ENABLE_STRICT_OBJC_MSGSEND = YES;
				ENABLE_TESTABILITY = YES;
				GCC_C_LANGUAGE_STANDARD = gnu11;
				GCC_DYNAMIC_NO_PIC = NO;
				GCC_NO_COMMON_BLOCKS = YES;
				GCC_OPTIMIZATION_LEVEL = 0;
				GCC_PREPROCESSOR_DEFINITIONS = (
					"DEBUG=1",
					"$(inherited)",
				);
				GCC_WARN_64_TO_32_BIT_CONVERSION = YES;
				GCC_WARN_ABOUT_RETURN_TYPE = YES_ERROR;
				GCC_WARN_UNDECLARED_SELECTOR = YES;
				GCC_WARN_UNINITIALIZED_AUTOS = YES_AGGRESSIVE;
				GCC_WARN_UNUSED_FUNCTION = YES;
				GCC_WARN_UNUSED_VARIABLE = YES;
				IPHONEOS_DEPLOYMENT_TARGET = 16.2;
				MTL_ENABLE_DEBUG_INFO = INCLUDE_SOURCE;
				MTL_FAST_MATH = YES;
				ONLY_ACTIVE_ARCH = YES;
				SDKROOT = iphoneos;
				SWIFT_ACTIVE_COMPILATION_CONDITIONS = DEBUG;
				SWIFT_OPTIMIZATION_LEVEL = "-Onone";
			};
			name = Debug;
		};
		132B371429D74667006997E2 /* Release */ = {
			isa = XCBuildConfiguration;
			buildSettings = {
				ALWAYS_SEARCH_USER_PATHS = NO;
				CLANG_ANALYZER_NONNULL = YES;
				CLANG_ANALYZER_NUMBER_OBJECT_CONVERSION = YES_AGGRESSIVE;
				CLANG_CXX_LANGUAGE_STANDARD = "gnu++20";
				CLANG_ENABLE_MODULES = YES;
				CLANG_ENABLE_OBJC_ARC = YES;
				CLANG_ENABLE_OBJC_WEAK = YES;
				CLANG_WARN_BLOCK_CAPTURE_AUTORELEASING = YES;
				CLANG_WARN_BOOL_CONVERSION = YES;
				CLANG_WARN_COMMA = YES;
				CLANG_WARN_CONSTANT_CONVERSION = YES;
				CLANG_WARN_DEPRECATED_OBJC_IMPLEMENTATIONS = YES;
				CLANG_WARN_DIRECT_OBJC_ISA_USAGE = YES_ERROR;
				CLANG_WARN_DOCUMENTATION_COMMENTS = YES;
				CLANG_WARN_EMPTY_BODY = YES;
				CLANG_WARN_ENUM_CONVERSION = YES;
				CLANG_WARN_INFINITE_RECURSION = YES;
				CLANG_WARN_INT_CONVERSION = YES;
				CLANG_WARN_NON_LITERAL_NULL_CONVERSION = YES;
				CLANG_WARN_OBJC_IMPLICIT_RETAIN_SELF = YES;
				CLANG_WARN_OBJC_LITERAL_CONVERSION = YES;
				CLANG_WARN_OBJC_ROOT_CLASS = YES_ERROR;
				CLANG_WARN_QUOTED_INCLUDE_IN_FRAMEWORK_HEADER = YES;
				CLANG_WARN_RANGE_LOOP_ANALYSIS = YES;
				CLANG_WARN_STRICT_PROTOTYPES = YES;
				CLANG_WARN_SUSPICIOUS_MOVE = YES;
				CLANG_WARN_UNGUARDED_AVAILABILITY = YES_AGGRESSIVE;
				CLANG_WARN_UNREACHABLE_CODE = YES;
				CLANG_WARN__DUPLICATE_METHOD_MATCH = YES;
				COPY_PHASE_STRIP = NO;
				DEBUG_INFORMATION_FORMAT = "dwarf-with-dsym";
				ENABLE_NS_ASSERTIONS = NO;
				ENABLE_STRICT_OBJC_MSGSEND = YES;
				GCC_C_LANGUAGE_STANDARD = gnu11;
				GCC_NO_COMMON_BLOCKS = YES;
				GCC_WARN_64_TO_32_BIT_CONVERSION = YES;
				GCC_WARN_ABOUT_RETURN_TYPE = YES_ERROR;
				GCC_WARN_UNDECLARED_SELECTOR = YES;
				GCC_WARN_UNINITIALIZED_AUTOS = YES_AGGRESSIVE;
				GCC_WARN_UNUSED_FUNCTION = YES;
				GCC_WARN_UNUSED_VARIABLE = YES;
				IPHONEOS_DEPLOYMENT_TARGET = 16.2;
				MTL_ENABLE_DEBUG_INFO = NO;
				MTL_FAST_MATH = YES;
				SDKROOT = iphoneos;
				SWIFT_COMPILATION_MODE = wholemodule;
				SWIFT_OPTIMIZATION_LEVEL = "-O";
				VALIDATE_PRODUCT = YES;
			};
			name = Release;
		};
		132B371629D74667006997E2 /* Debug */ = {
			isa = XCBuildConfiguration;
			buildSettings = {
				ASSETCATALOG_COMPILER_APPICON_NAME = AppIcon;
				ASSETCATALOG_COMPILER_GLOBAL_ACCENT_COLOR_NAME = AccentColor;
				CODE_SIGN_STYLE = Automatic;
				CURRENT_PROJECT_VERSION = 1;
				DEVELOPMENT_ASSET_PATHS = "\"WeatherApp/Preview Content\"";
				ENABLE_PREVIEWS = YES;
				GENERATE_INFOPLIST_FILE = YES;
				INFOPLIST_KEY_UIApplicationSceneManifest_Generation = YES;
				INFOPLIST_KEY_UIApplicationSupportsIndirectInputEvents = YES;
				INFOPLIST_KEY_UILaunchScreen_Generation = YES;
				INFOPLIST_KEY_UISupportedInterfaceOrientations_iPad = "UIInterfaceOrientationPortrait UIInterfaceOrientationPortraitUpsideDown UIInterfaceOrientationLandscapeLeft UIInterfaceOrientationLandscapeRight";
				INFOPLIST_KEY_UISupportedInterfaceOrientations_iPhone = "UIInterfaceOrientationPortrait UIInterfaceOrientationLandscapeLeft UIInterfaceOrientationLandscapeRight";
				LD_RUNPATH_SEARCH_PATHS = (
					"$(inherited)",
					"@executable_path/Frameworks",
				);
				MARKETING_VERSION = 1.0;
				PRODUCT_BUNDLE_IDENTIFIER = "Naysa-Alex.WeatherApp";
				PRODUCT_NAME = "$(TARGET_NAME)";
				SWIFT_EMIT_LOC_STRINGS = YES;
				SWIFT_VERSION = 5.0;
				TARGETED_DEVICE_FAMILY = "1,2";
			};
			name = Debug;
		};
		132B371729D74667006997E2 /* Release */ = {
			isa = XCBuildConfiguration;
			buildSettings = {
				ASSETCATALOG_COMPILER_APPICON_NAME = AppIcon;
				ASSETCATALOG_COMPILER_GLOBAL_ACCENT_COLOR_NAME = AccentColor;
				CODE_SIGN_STYLE = Automatic;
				CURRENT_PROJECT_VERSION = 1;
				DEVELOPMENT_ASSET_PATHS = "\"WeatherApp/Preview Content\"";
				ENABLE_PREVIEWS = YES;
				GENERATE_INFOPLIST_FILE = YES;
				INFOPLIST_KEY_UIApplicationSceneManifest_Generation = YES;
				INFOPLIST_KEY_UIApplicationSupportsIndirectInputEvents = YES;
				INFOPLIST_KEY_UILaunchScreen_Generation = YES;
				INFOPLIST_KEY_UISupportedInterfaceOrientations_iPad = "UIInterfaceOrientationPortrait UIInterfaceOrientationPortraitUpsideDown UIInterfaceOrientationLandscapeLeft UIInterfaceOrientationLandscapeRight";
				INFOPLIST_KEY_UISupportedInterfaceOrientations_iPhone = "UIInterfaceOrientationPortrait UIInterfaceOrientationLandscapeLeft UIInterfaceOrientationLandscapeRight";
				LD_RUNPATH_SEARCH_PATHS = (
					"$(inherited)",
					"@executable_path/Frameworks",
				);
				MARKETING_VERSION = 1.0;
				PRODUCT_BUNDLE_IDENTIFIER = "Naysa-Alex.WeatherApp";
				PRODUCT_NAME = "$(TARGET_NAME)";
				SWIFT_EMIT_LOC_STRINGS = YES;
				SWIFT_VERSION = 5.0;
				TARGETED_DEVICE_FAMILY = "1,2";
			};
			name = Release;
		};
/* End XCBuildConfiguration section */

/* Begin XCConfigurationList section */
		132B370229D74662006997E2 /* Build configuration list for PBXProject "WeatherApp" */ = {
			isa = XCConfigurationList;
			buildConfigurations = (
				132B371329D74667006997E2 /* Debug */,
				132B371429D74667006997E2 /* Release */,
			);
			defaultConfigurationIsVisible = 0;
			defaultConfigurationName = Release;
		};
		132B371529D74667006997E2 /* Build configuration list for PBXNativeTarget "WeatherApp" */ = {
			isa = XCConfigurationList;
			buildConfigurations = (
				132B371629D74667006997E2 /* Debug */,
				132B371729D74667006997E2 /* Release */,
			);
			defaultConfigurationIsVisible = 0;
			defaultConfigurationName = Release;
		};
/* End XCConfigurationList section */
	};
	rootObject = 132B36FF29D74662006997E2 /* Project object */;
}
